// !$*UTF8*$!
{
	archiveVersion = 1;
	classes = {
	};
	objectVersion = 46;
	objects = {

/* Begin PBXBuildFile section */
		A74F9EAE1BF4CB1000739EDA /* main.m in Sources */ = {isa = PBXBuildFile; fileRef = A74F9EAD1BF4CB1000739EDA /* main.m */; };
		A74F9EB11BF4CB1000739EDA /* AppDelegate.m in Sources */ = {isa = PBXBuildFile; fileRef = A74F9EB01BF4CB1000739EDA /* AppDelegate.m */; };
		A74F9EB41BF4CB1000739EDA /* ViewController.m in Sources */ = {isa = PBXBuildFile; fileRef = A74F9EB31BF4CB1000739EDA /* ViewController.m */; };
		A74F9EB71BF4CB1000739EDA /* Main.storyboard in Resources */ = {isa = PBXBuildFile; fileRef = A74F9EB51BF4CB1000739EDA /* Main.storyboard */; };
		A74F9EB91BF4CB1000739EDA /* Assets.xcassets in Resources */ = {isa = PBXBuildFile; fileRef = A74F9EB81BF4CB1000739EDA /* Assets.xcassets */; };
		A74F9EBC1BF4CB1000739EDA /* LaunchScreen.storyboard in Resources */ = {isa = PBXBuildFile; fileRef = A74F9EBA1BF4CB1000739EDA /* LaunchScreen.storyboard */; };
/* End PBXBuildFile section */

/* Begin PBXFileReference section */
		A74F9EA91BF4CB1000739EDA /* MultipleVideoPlaybackTest.app */ = {isa = PBXFileReference; explicitFileType = wrapper.application; includeInIndex = 0; path = MultipleVideoPlaybackTest.app; sourceTree = BUILT_PRODUCTS_DIR; };
		A74F9EAD1BF4CB1000739EDA /* main.m */ = {isa = PBXFileReference; lastKnownFileType = sourcecode.c.objc; path = main.m; sourceTree = "<group>"; };
		A74F9EAF1BF4CB1000739EDA /* AppDelegate.h */ = {isa = PBXFileReference; lastKnownFileType = sourcecode.c.h; path = AppDelegate.h; sourceTree = "<group>"; };
		A74F9EB01BF4CB1000739EDA /* AppDelegate.m */ = {isa = PBXFileReference; lastKnownFileType = sourcecode.c.objc; path = AppDelegate.m; sourceTree = "<group>"; };
		A74F9EB21BF4CB1000739EDA /* ViewController.h */ = {isa = PBXFileReference; lastKnownFileType = sourcecode.c.h; path = ViewController.h; sourceTree = "<group>"; };
		A74F9EB31BF4CB1000739EDA /* ViewController.m */ = {isa = PBXFileReference; lastKnownFileType = sourcecode.c.objc; path = ViewController.m; sourceTree = "<group>"; };
		A74F9EB61BF4CB1000739EDA /* Base */ = {isa = PBXFileReference; lastKnownFileType = file.storyboard; name = Base; path = Base.lproj/Main.storyboard; sourceTree = "<group>"; };
		A74F9EB81BF4CB1000739EDA /* Assets.xcassets */ = {isa = PBXFileReference; lastKnownFileType = folder.assetcatalog; path = Assets.xcassets; sourceTree = "<group>"; };
		A74F9EBB1BF4CB1000739EDA /* Base */ = {isa = PBXFileReference; lastKnownFileType = file.storyboard; name = Base; path = Base.lproj/LaunchScreen.storyboard; sourceTree = "<group>"; };
		A74F9EBD1BF4CB1000739EDA /* Info.plist */ = {isa = PBXFileReference; lastKnownFileType = text.plist.xml; path = Info.plist; sourceTree = "<group>"; };
/* End PBXFileReference section */

/* Begin PBXFrameworksBuildPhase section */
		A74F9EA61BF4CB1000739EDA /* Frameworks */ = {
			isa = PBXFrameworksBuildPhase;
			buildActionMask = 2147483647;
			files = (
			);
			runOnlyForDeploymentPostprocessing = 0;
		};
/* End PBXFrameworksBuildPhase section */

/* Begin PBXGroup section */
		A74F9EA01BF4CB1000739EDA = {
			isa = PBXGroup;
			children = (
				A74F9EAB1BF4CB1000739EDA /* MultipleVideoPlaybackTest */,
				A74F9EAA1BF4CB1000739EDA /* Products */,
			);
			sourceTree = "<group>";
		};
		A74F9EAA1BF4CB1000739EDA /* Products */ = {
			isa = PBXGroup;
			children = (
				A74F9EA91BF4CB1000739EDA /* MultipleVideoPlaybackTest.app */,
			);
			name = Products;
			sourceTree = "<group>";
		};
		A74F9EAB1BF4CB1000739EDA /* MultipleVideoPlaybackTest */ = {
			isa = PBXGroup;
			children = (
				A74F9EAF1BF4CB1000739EDA /* AppDelegate.h */,
				A74F9EB01BF4CB1000739EDA /* AppDelegate.m */,
				A74F9EB21BF4CB1000739EDA /* ViewController.h */,
				A74F9EB31BF4CB1000739EDA /* ViewController.m */,
				A74F9EB51BF4CB1000739EDA /* Main.storyboard */,
				A74F9EB81BF4CB1000739EDA /* Assets.xcassets */,
				A74F9EBA1BF4CB1000739EDA /* LaunchScreen.storyboard */,
				A74F9EBD1BF4CB1000739EDA /* Info.plist */,
				A74F9EAC1BF4CB1000739EDA /* Supporting Files */,
			);
			path = MultipleVideoPlaybackTest;
			sourceTree = "<group>";
		};
		A74F9EAC1BF4CB1000739EDA /* Supporting Files */ = {
			isa = PBXGroup;
			children = (
				A74F9EAD1BF4CB1000739EDA /* main.m */,
			);
			name = "Supporting Files";
			sourceTree = "<group>";
		};
/* End PBXGroup section */

/* Begin PBXNativeTarget section */
		A74F9EA81BF4CB1000739EDA /* MultipleVideoPlaybackTest */ = {
			isa = PBXNativeTarget;
			buildConfigurationList = A74F9EC01BF4CB1000739EDA /* Build configuration list for PBXNativeTarget "MultipleVideoPlaybackTest" */;
			buildPhases = (
				A74F9EA51BF4CB1000739EDA /* Sources */,
				A74F9EA61BF4CB1000739EDA /* Frameworks */,
				A74F9EA71BF4CB1000739EDA /* Resources */,
			);
			buildRules = (
			);
			dependencies = (
			);
			name = MultipleVideoPlaybackTest;
			productName = MultipleVideoPlaybackTest;
			productReference = A74F9EA91BF4CB1000739EDA /* MultipleVideoPlaybackTest.app */;
			productType = "com.apple.product-type.application";
		};
/* End PBXNativeTarget section */

/* Begin PBXProject section */
		A74F9EA11BF4CB1000739EDA /* Project object */ = {
			isa = PBXProject;
			attributes = {
				LastUpgradeCheck = 0710;
				ORGANIZATIONNAME = "Andrew Poes";
				TargetAttributes = {
					A74F9EA81BF4CB1000739EDA = {
						CreatedOnToolsVersion = 7.1;
					};
				};
			};
			buildConfigurationList = A74F9EA41BF4CB1000739EDA /* Build configuration list for PBXProject "MultipleVideoPlaybackTest" */;
			compatibilityVersion = "Xcode 3.2";
			developmentRegion = English;
			hasScannedForEncodings = 0;
			knownRegions = (
				en,
				Base,
			);
			mainGroup = A74F9EA01BF4CB1000739EDA;
			productRefGroup = A74F9EAA1BF4CB1000739EDA /* Products */;
			projectDirPath = "";
			projectRoot = "";
			targets = (
				A74F9EA81BF4CB1000739EDA /* MultipleVideoPlaybackTest */,
			);
		};
/* End PBXProject section */

/* Begin PBXResourcesBuildPhase section */
		A74F9EA71BF4CB1000739EDA /* Resources */ = {
			isa = PBXResourcesBuildPhase;
			buildActionMask = 2147483647;
			files = (
				A74F9EBC1BF4CB1000739EDA /* LaunchScreen.storyboard in Resources */,
				A74F9EB91BF4CB1000739EDA /* Assets.xcassets in Resources */,
				A74F9EB71BF4CB1000739EDA /* Main.storyboard in Resources */,
			);
			runOnlyForDeploymentPostprocessing = 0;
		};
/* End PBXResourcesBuildPhase section */

/* Begin PBXSourcesBuildPhase section */
		A74F9EA51BF4CB1000739EDA /* Sources */ = {
			isa = PBXSourcesBuildPhase;
			buildActionMask = 2147483647;
			files = (
				A74F9EB41BF4CB1000739EDA /* ViewController.m in Sources */,
				A74F9EB11BF4CB1000739EDA /* AppDelegate.m in Sources */,
				A74F9EAE1BF4CB1000739EDA /* main.m in Sources */,
			);
			runOnlyForDeploymentPostprocessing = 0;
		};
/* End PBXSourcesBuildPhase section */

/* Begin PBXVariantGroup section */
		A74F9EB51BF4CB1000739EDA /* Main.storyboard */ = {
			isa = PBXVariantGroup;
			children = (
				A74F9EB61BF4CB1000739EDA /* Base */,
			);
			name = Main.storyboard;
			sourceTree = "<group>";
		};
		A74F9EBA1BF4CB1000739EDA /* LaunchScreen.storyboard */ = {
			isa = PBXVariantGroup;
			children = (
				A74F9EBB1BF4CB1000739EDA /* Base */,
			);
			name = LaunchScreen.storyboard;
			sourceTree = "<group>";
		};
/* End PBXVariantGroup section */

/* Begin XCBuildConfiguration section */
		A74F9EBE1BF4CB1000739EDA /* Debug */ = {
			isa = XCBuildConfiguration;
			buildSettings = {
				ALWAYS_SEARCH_USER_PATHS = NO;
				CLANG_CXX_LANGUAGE_STANDARD = "gnu++0x";
				CLANG_CXX_LIBRARY = "libc++";
				CLANG_ENABLE_MODULES = YES;
				CLANG_ENABLE_OBJC_ARC = YES;
				CLANG_WARN_BOOL_CONVERSION = YES;
				CLANG_WARN_CONSTANT_CONVERSION = YES;
				CLANG_WARN_DIRECT_OBJC_ISA_USAGE = YES_ERROR;
				CLANG_WARN_EMPTY_BODY = YES;
				CLANG_WARN_ENUM_CONVERSION = YES;
				CLANG_WARN_INT_CONVERSION = YES;
				CLANG_WARN_OBJC_ROOT_CLASS = YES_ERROR;
				CLANG_WARN_UNREACHABLE_CODE = YES;
				CLANG_WARN__DUPLICATE_METHOD_MATCH = YES;
				"CODE_SIGN_IDENTITY[sdk=iphoneos*]" = "iPhone Developer";
				COPY_PHASE_STRIP = NO;
				DEBUG_INFORMATION_FORMAT = dwarf;
				ENABLE_STRICT_OBJC_MSGSEND = YES;
				ENABLE_TESTABILITY = YES;
				GCC_C_LANGUAGE_STANDARD = gnu99;
				GCC_DYNAMIC_NO_PIC = NO;
				GCC_NO_COMMON_BLOCKS = YES;
				GCC_OPTIMIZATION_LEVEL = 0;
				GCC_PREPROCESSOR_DEFINITIONS = (
					"DEBUG=1",
					"$(inherited)",
				);
				GCC_WARN_64_TO_32_BIT_CONVERSION = YES;
				GCC_WARN_ABOUT_RETURN_TYPE = YES_ERROR;
				GCC_WARN_UNDECLARED_SELECTOR = YES;
				GCC_WARN_UNINITIALIZED_AUTOS = YES_AGGRESSIVE;
				GCC_WARN_UNUSED_FUNCTION = YES;
				GCC_WARN_UNUSED_VARIABLE = YES;
				IPHONEOS_DEPLOYMENT_TARGET = 9.1;
				MTL_ENABLE_DEBUG_INFO = YES;
				ONLY_ACTIVE_ARCH = YES;
				SDKROOT = iphoneos;
			};
			name = Debug;
		};
		A74F9EBF1BF4CB1000739EDA /* Release */ = {
			isa = XCBuildConfiguration;
			buildSettings = {
				ALWAYS_SEARCH_USER_PATHS = NO;
				CLANG_CXX_LANGUAGE_STANDARD = "gnu++0x";
				CLANG_CXX_LIBRARY = "libc++";
				CLANG_ENABLE_MODULES = YES;
				CLANG_ENABLE_OBJC_ARC = YES;
				CLANG_WARN_BOOL_CONVERSION = YES;
				CLANG_WARN_CONSTANT_CONVERSION = YES;
				CLANG_WARN_DIRECT_OBJC_ISA_USAGE = YES_ERROR;
				CLANG_WARN_EMPTY_BODY = YES;
				CLANG_WARN_ENUM_CONVERSION = YES;
				CLANG_WARN_INT_CONVERSION = YES;
				CLANG_WARN_OBJC_ROOT_CLASS = YES_ERROR;
				CLANG_WARN_UNREACHABLE_CODE = YES;
				CLANG_WARN__DUPLICATE_METHOD_MATCH = YES;
				"CODE_SIGN_IDENTITY[sdk=iphoneos*]" = "iPhone Developer";
				COPY_PHASE_STRIP = NO;
				DEBUG_INFORMATION_FORMAT = "dwarf-with-dsym";
				ENABLE_NS_ASSERTIONS = NO;
				ENABLE_STRICT_OBJC_MSGSEND = YES;
				GCC_C_LANGUAGE_STANDARD = gnu99;
				GCC_NO_COMMON_BLOCKS = YES;
				GCC_WARN_64_TO_32_BIT_CONVERSION = YES;
				GCC_WARN_ABOUT_RETURN_TYPE = YES_ERROR;
				GCC_WARN_UNDECLARED_SELECTOR = YES;
				GCC_WARN_UNINITIALIZED_AUTOS = YES_AGGRESSIVE;
				GCC_WARN_UNUSED_FUNCTION = YES;
				GCC_WARN_UNUSED_VARIABLE = YES;
				IPHONEOS_DEPLOYMENT_TARGET = 9.1;
				MTL_ENABLE_DEBUG_INFO = NO;
				SDKROOT = iphoneos;
				VALIDATE_PRODUCT = YES;
			};
			name = Release;
		};
		A74F9EC11BF4CB1000739EDA /* Debug */ = {
			isa = XCBuildConfiguration;
			buildSettings = {
				ASSETCATALOG_COMPILER_APPICON_NAME = AppIcon;
				INFOPLIST_FILE = MultipleVideoPlaybackTest/Info.plist;
				LD_RUNPATH_SEARCH_PATHS = "$(inherited) @executable_path/Frameworks";
				PRODUCT_BUNDLE_IDENTIFIER = com.mrbendel.MultipleVideoPlaybackTest;
				PRODUCT_NAME = "$(TARGET_NAME)";
			};
			name = Debug;
		};
		A74F9EC21BF4CB1000739EDA /* Release */ = {
			isa = XCBuildConfiguration;
			buildSettings = {
				ASSETCATALOG_COMPILER_APPICON_NAME = AppIcon;
				INFOPLIST_FILE = MultipleVideoPlaybackTest/Info.plist;
				LD_RUNPATH_SEARCH_PATHS = "$(inherited) @executable_path/Frameworks";
				PRODUCT_BUNDLE_IDENTIFIER = com.mrbendel.MultipleVideoPlaybackTest;
				PRODUCT_NAME = "$(TARGET_NAME)";
			};
			name = Release;
		};
/* End XCBuildConfiguration section */

/* Begin XCConfigurationList section */
		A74F9EA41BF4CB1000739EDA /* Build configuration list for PBXProject "MultipleVideoPlaybackTest" */ = {
			isa = XCConfigurationList;
			buildConfigurations = (
				A74F9EBE1BF4CB1000739EDA /* Debug */,
				A74F9EBF1BF4CB1000739EDA /* Release */,
			);
			defaultConfigurationIsVisible = 0;
			defaultConfigurationName = Release;
		};
		A74F9EC01BF4CB1000739EDA /* Build configuration list for PBXNativeTarget "MultipleVideoPlaybackTest" */ = {
			isa = XCConfigurationList;
			buildConfigurations = (
				A74F9EC11BF4CB1000739EDA /* Debug */,
				A74F9EC21BF4CB1000739EDA /* Release */,
			);
			defaultConfigurationIsVisible = 0;
		};
/* End XCConfigurationList section */
	};
	rootObject = A74F9EA11BF4CB1000739EDA /* Project object */;
}
